
Microsoft Visual Studio Solution File, Format Version 12.00
# Visual Studio Version 16
VisualStudioVersion = 16.0.30225.117
MinimumVisualStudioVersion = 10.0.40219.1
Project("{FAE04EC0-301F-11D3-BF4B-00C04F79EFBC}") = "PatchInsteadPut", "PatchInsteadPut\PatchInsteadPut.csproj", "{D8E23A87-2965-4B76-8D8A-777FD104C175}"
EndProject
Global
	GlobalSection(SolutionConfigurationPlatforms) = preSolution
		Debug|Any CPU = Debug|Any CPU
		Release|Any CPU = Release|Any CPU
	EndGlobalSection
	GlobalSection(ProjectConfigurationPlatforms) = postSolution
		{D8E23A87-2965-4B76-8D8A-777FD104C175}.Debug|Any CPU.ActiveCfg = Debug|Any CPU
		{D8E23A87-2965-4B76-8D8A-777FD104C175}.Debug|Any CPU.Build.0 = Debug|Any CPU
		{D8E23A87-2965-4B76-8D8A-777FD104C175}.Release|Any CPU.ActiveCfg = Release|Any CPU
		{D8E23A87-2965-4B76-8D8A-777FD104C175}.Release|Any CPU.Build.0 = Release|Any CPU
	EndGlobalSection
	GlobalSection(SolutionProperties) = preSolution
		HideSolutionNode = FALSE
	EndGlobalSection
	GlobalSection(ExtensibilityGlobals) = postSolution
		SolutionGuid = {92AE91DB-4EBE-48B9-957E-D960ACC53135}
	EndGlobalSection
EndGlobal
